
Microsoft Visual Studio Solution File, Format Version 12.00
# Visual Studio Version 17
VisualStudioVersion = 17.3.32922.545
MinimumVisualStudioVersion = 10.0.40219.1
Project("{FAE04EC0-301F-11D3-BF4B-00C04F79EFBC}") = "B12-PARTIEI-SQ1-S3-TestNotationPolonaise", "B12-PARTIEI-SQ1-S3-TestNotationPolonaise\B12-PARTIEI-SQ1-S3-TestNotationPolonaise.csproj", "{66565541-1990-4C08-8A6F-06FF299824AD}"
EndProject
Global
	GlobalSection(SolutionConfigurationPlatforms) = preSolution
		Debug|Any CPU = Debug|Any CPU
		Release|Any CPU = Release|Any CPU
	EndGlobalSection
	GlobalSection(ProjectConfigurationPlatforms) = postSolution
		{66565541-1990-4C08-8A6F-06FF299824AD}.Debug|Any CPU.ActiveCfg = Debug|Any CPU
		{66565541-1990-4C08-8A6F-06FF299824AD}.Debug|Any CPU.Build.0 = Debug|Any CPU
		{66565541-1990-4C08-8A6F-06FF299824AD}.Release|Any CPU.ActiveCfg = Release|Any CPU
		{66565541-1990-4C08-8A6F-06FF299824AD}.Release|Any CPU.Build.0 = Release|Any CPU
	EndGlobalSection
	GlobalSection(SolutionProperties) = preSolution
		HideSolutionNode = FALSE
	EndGlobalSection
	GlobalSection(ExtensibilityGlobals) = postSolution
		SolutionGuid = {0BD6BFC9-69E8-4DD7-9EF1-2E9E65E62C09}
	EndGlobalSection
EndGlobal
